<?xml version="1.0" encoding="utf-8"?>
<Project ToolsVersion="4.0" xmlns="http://schemas.microsoft.com/developer/msbuild/2003">
  <ItemGroup>
    <Filter Include="src">
      <UniqueIdentifier>{2DAB880B-99B4-887C-2230-9F7C8E38947C}</UniqueIdentifier>
    </Filter>
  </ItemGroup>
  <ItemGroup>
    <ClCompile Include="src\main.cpp">
      <Filter>src</Filter>
    </ClCompile>
    <ClCompile Include="src\Rendering\OpenGlWindow.cpp" />
    <ClCompile Include="src\Rendering\WindowFactory.cpp" />
    <ClCompile Include="src\Rendering\OpenGlVertexBuffer.cpp" />
    <ClCompile Include="src\Rendering\Model.cpp" />
  </ItemGroup>
  <ItemGroup>
    <ClInclude Include="src\Rendering\Window.h" />
    <ClInclude Include="src\Rendering\OpenGlWindow.h" />
    <ClInclude Include="src\Rendering\WindowFactory.h" />
    <ClInclude Include="src\Rendering\VertexBuffer.h" />
    <ClInclude Include="src\Rendering\OpenGlVertexBuffer.h" />
    <ClInclude Include="src\Rendering\Model.h" />
  </ItemGroup>
</Project>