Microsoft Visual Studio Solution File, Format Version 12.00
# Visual Studio 15
Project("{2150E333-8FDC-42A3-9474-1A3956D46DE8}") = "CMakePredefinedTargets", "CMakePredefinedTargets", "{B644D5E4-0EEC-361A-9EE5-E16BF01EF8C5}"
EndProject
Project("{2150E333-8FDC-42A3-9474-1A3956D46DE8}") = "GLFW3", "GLFW3", "{FDF60230-49ED-331A-BBB5-7E0392F72DE0}"
EndProject
Project("{8BC9CEB8-8B4A-11D0-8D11-00A0C91BC942}") = "ALL_BUILD", "ALL_BUILD.vcxproj", "{EE683574-A88A-3F21-BD5F-81F0EEF16513}"
	ProjectSection(ProjectDependencies) = postProject
		{8B2D6D8D-C383-3FA1-97F5-4EED075E906C} = {8B2D6D8D-C383-3FA1-97F5-4EED075E906C}
		{5D043997-6D9E-38FF-90ED-385315114610} = {5D043997-6D9E-38FF-90ED-385315114610}
	EndProjectSection
EndProject
Project("{8BC9CEB8-8B4A-11D0-8D11-00A0C91BC942}") = "INSTALL", "INSTALL.vcxproj", "{F002A6A0-D6A7-3626-89FB-9B3D44130896}"
	ProjectSection(ProjectDependencies) = postProject
		{EE683574-A88A-3F21-BD5F-81F0EEF16513} = {EE683574-A88A-3F21-BD5F-81F0EEF16513}
		{8B2D6D8D-C383-3FA1-97F5-4EED075E906C} = {8B2D6D8D-C383-3FA1-97F5-4EED075E906C}
	EndProjectSection
EndProject
Project("{8BC9CEB8-8B4A-11D0-8D11-00A0C91BC942}") = "ZERO_CHECK", "ZERO_CHECK.vcxproj", "{8B2D6D8D-C383-3FA1-97F5-4EED075E906C}"
	ProjectSection(ProjectDependencies) = postProject
	EndProjectSection
EndProject
Project("{8BC9CEB8-8B4A-11D0-8D11-00A0C91BC942}") = "glfw", "src\glfw.vcxproj", "{5D043997-6D9E-38FF-90ED-385315114610}"
	ProjectSection(ProjectDependencies) = postProject
		{8B2D6D8D-C383-3FA1-97F5-4EED075E906C} = {8B2D6D8D-C383-3FA1-97F5-4EED075E906C}
	EndProjectSection
EndProject
Project("{8BC9CEB8-8B4A-11D0-8D11-00A0C91BC942}") = "uninstall", "uninstall.vcxproj", "{C36EEAF2-D23C-3709-8FF9-AED9CF19E850}"
	ProjectSection(ProjectDependencies) = postProject
		{8B2D6D8D-C383-3FA1-97F5-4EED075E906C} = {8B2D6D8D-C383-3FA1-97F5-4EED075E906C}
	EndProjectSection
EndProject
Global
	GlobalSection(SolutionConfigurationPlatforms) = preSolution
		Debug|Win32 = Debug|Win32
		Release|Win32 = Release|Win32
		MinSizeRel|Win32 = MinSizeRel|Win32
		RelWithDebInfo|Win32 = RelWithDebInfo|Win32
	EndGlobalSection
	GlobalSection(ProjectConfigurationPlatforms) = postSolution
		{EE683574-A88A-3F21-BD5F-81F0EEF16513}.Debug|Win32.ActiveCfg = Debug|Win32
		{EE683574-A88A-3F21-BD5F-81F0EEF16513}.Debug|Win32.Build.0 = Debug|Win32
		{EE683574-A88A-3F21-BD5F-81F0EEF16513}.Release|Win32.ActiveCfg = Release|Win32
		{EE683574-A88A-3F21-BD5F-81F0EEF16513}.Release|Win32.Build.0 = Release|Win32
		{EE683574-A88A-3F21-BD5F-81F0EEF16513}.MinSizeRel|Win32.ActiveCfg = MinSizeRel|Win32
		{EE683574-A88A-3F21-BD5F-81F0EEF16513}.MinSizeRel|Win32.Build.0 = MinSizeRel|Win32
		{EE683574-A88A-3F21-BD5F-81F0EEF16513}.RelWithDebInfo|Win32.ActiveCfg = RelWithDebInfo|Win32
		{EE683574-A88A-3F21-BD5F-81F0EEF16513}.RelWithDebInfo|Win32.Build.0 = RelWithDebInfo|Win32
		{F002A6A0-D6A7-3626-89FB-9B3D44130896}.Debug|Win32.ActiveCfg = Debug|Win32
		{F002A6A0-D6A7-3626-89FB-9B3D44130896}.Release|Win32.ActiveCfg = Release|Win32
		{F002A6A0-D6A7-3626-89FB-9B3D44130896}.MinSizeRel|Win32.ActiveCfg = MinSizeRel|Win32
		{F002A6A0-D6A7-3626-89FB-9B3D44130896}.RelWithDebInfo|Win32.ActiveCfg = RelWithDebInfo|Win32
		{8B2D6D8D-C383-3FA1-97F5-4EED075E906C}.Debug|Win32.ActiveCfg = Debug|Win32
		{8B2D6D8D-C383-3FA1-97F5-4EED075E906C}.Debug|Win32.Build.0 = Debug|Win32
		{8B2D6D8D-C383-3FA1-97F5-4EED075E906C}.Release|Win32.ActiveCfg = Release|Win32
		{8B2D6D8D-C383-3FA1-97F5-4EED075E906C}.Release|Win32.Build.0 = Release|Win32
		{8B2D6D8D-C383-3FA1-97F5-4EED075E906C}.MinSizeRel|Win32.ActiveCfg = MinSizeRel|Win32
		{8B2D6D8D-C383-3FA1-97F5-4EED075E906C}.MinSizeRel|Win32.Build.0 = MinSizeRel|Win32
		{8B2D6D8D-C383-3FA1-97F5-4EED075E906C}.RelWithDebInfo|Win32.ActiveCfg = RelWithDebInfo|Win32
		{8B2D6D8D-C383-3FA1-97F5-4EED075E906C}.RelWithDebInfo|Win32.Build.0 = RelWithDebInfo|Win32
		{5D043997-6D9E-38FF-90ED-385315114610}.Debug|Win32.ActiveCfg = Debug|Win32
		{5D043997-6D9E-38FF-90ED-385315114610}.Debug|Win32.Build.0 = Debug|Win32
		{5D043997-6D9E-38FF-90ED-385315114610}.Release|Win32.ActiveCfg = Release|Win32
		{5D043997-6D9E-38FF-90ED-385315114610}.Release|Win32.Build.0 = Release|Win32
		{5D043997-6D9E-38FF-90ED-385315114610}.MinSizeRel|Win32.ActiveCfg = MinSizeRel|Win32
		{5D043997-6D9E-38FF-90ED-385315114610}.MinSizeRel|Win32.Build.0 = MinSizeRel|Win32
		{5D043997-6D9E-38FF-90ED-385315114610}.RelWithDebInfo|Win32.ActiveCfg = RelWithDebInfo|Win32
		{5D043997-6D9E-38FF-90ED-385315114610}.RelWithDebInfo|Win32.Build.0 = RelWithDebInfo|Win32
		{C36EEAF2-D23C-3709-8FF9-AED9CF19E850}.Debug|Win32.ActiveCfg = Debug|Win32
		{C36EEAF2-D23C-3709-8FF9-AED9CF19E850}.Release|Win32.ActiveCfg = Release|Win32
		{C36EEAF2-D23C-3709-8FF9-AED9CF19E850}.MinSizeRel|Win32.ActiveCfg = MinSizeRel|Win32
		{C36EEAF2-D23C-3709-8FF9-AED9CF19E850}.RelWithDebInfo|Win32.ActiveCfg = RelWithDebInfo|Win32
	EndGlobalSection
	GlobalSection(NestedProjects) = preSolution
		{EE683574-A88A-3F21-BD5F-81F0EEF16513} = {B644D5E4-0EEC-361A-9EE5-E16BF01EF8C5}
		{F002A6A0-D6A7-3626-89FB-9B3D44130896} = {B644D5E4-0EEC-361A-9EE5-E16BF01EF8C5}
		{8B2D6D8D-C383-3FA1-97F5-4EED075E906C} = {B644D5E4-0EEC-361A-9EE5-E16BF01EF8C5}
		{5D043997-6D9E-38FF-90ED-385315114610} = {FDF60230-49ED-331A-BBB5-7E0392F72DE0}
		{C36EEAF2-D23C-3709-8FF9-AED9CF19E850} = {FDF60230-49ED-331A-BBB5-7E0392F72DE0}
	EndGlobalSection
	GlobalSection(ExtensibilityGlobals) = postSolution
		SolutionGuid = {56299FC8-5D29-33EE-8FB1-6906A10CA7E1}
	EndGlobalSection
	GlobalSection(ExtensibilityAddIns) = postSolution
	EndGlobalSection
EndGlobal
