<?xml version="1.0" encoding="utf-8"?>
<Project ToolsVersion="15.0" xmlns="http://schemas.microsoft.com/developer/msbuild/2003">
  <ItemGroup>
    <CustomBuild Include="C:\Users\SonDev\Desktop\Computergrafik\WiSe2019\Project\Computergrafik2019\Dependencies\GLFW\CMakeFiles\64d32c816c4dc6fca34dbd08ec3c4df5\uninstall.rule">
      <Filter>CMake Rules</Filter>
    </CustomBuild>
    <CustomBuild Include="C:\Users\SonDev\Desktop\Computergrafik\WiSe2019\Project\Libs\glfw-3.3\glfw-3.3\CMakeLists.txt" />
  </ItemGroup>
  <ItemGroup>
    <None Include="C:\Users\SonDev\Desktop\Computergrafik\WiSe2019\Project\Computergrafik2019\Dependencies\GLFW\CMakeFiles\uninstall" />
  </ItemGroup>
  <ItemGroup>
    <Filter Include="CMake Rules">
      <UniqueIdentifier>{BCAFD31A-4CF8-3026-A52A-FE8372F8BD9F}</UniqueIdentifier>
    </Filter>
  </ItemGroup>
</Project>
